// !$*UTF8*$!
{
	archiveVersion = 1;
	classes = {
	};
	objectVersion = 50;
	objects = {

/* Begin PBXBuildFile section */
		382152202147F08700FBA63A /* AppDelegate.swift in Sources */ = {isa = PBXBuildFile; fileRef = 3821521F2147F08700FBA63A /* AppDelegate.swift */; };
		382152222147F08700FBA63A /* ViewController.swift in Sources */ = {isa = PBXBuildFile; fileRef = 382152212147F08700FBA63A /* ViewController.swift */; };
		382152252147F08700FBA63A /* Main.storyboard in Resources */ = {isa = PBXBuildFile; fileRef = 382152232147F08700FBA63A /* Main.storyboard */; };
		382152282147F08700FBA63A /* Ta_no_Mapa.xcdatamodeld in Sources */ = {isa = PBXBuildFile; fileRef = 382152262147F08700FBA63A /* Ta_no_Mapa.xcdatamodeld */; };
		3821522A2147F08A00FBA63A /* Assets.xcassets in Resources */ = {isa = PBXBuildFile; fileRef = 382152292147F08A00FBA63A /* Assets.xcassets */; };
		3821522D2147F08A00FBA63A /* LaunchScreen.storyboard in Resources */ = {isa = PBXBuildFile; fileRef = 3821522B2147F08A00FBA63A /* LaunchScreen.storyboard */; };
/* End PBXBuildFile section */

/* Begin PBXFileReference section */
		3821521C2147F08700FBA63A /* Ta no Mapa.app */ = {isa = PBXFileReference; explicitFileType = wrapper.application; includeInIndex = 0; path = "Ta no Mapa.app"; sourceTree = BUILT_PRODUCTS_DIR; };
		3821521F2147F08700FBA63A /* AppDelegate.swift */ = {isa = PBXFileReference; lastKnownFileType = sourcecode.swift; path = AppDelegate.swift; sourceTree = "<group>"; };
		382152212147F08700FBA63A /* ViewController.swift */ = {isa = PBXFileReference; lastKnownFileType = sourcecode.swift; path = ViewController.swift; sourceTree = "<group>"; };
		382152242147F08700FBA63A /* Base */ = {isa = PBXFileReference; lastKnownFileType = file.storyboard; name = Base; path = Base.lproj/Main.storyboard; sourceTree = "<group>"; };
		382152272147F08700FBA63A /* Ta_no_Mapa.xcdatamodel */ = {isa = PBXFileReference; lastKnownFileType = wrapper.xcdatamodel; path = Ta_no_Mapa.xcdatamodel; sourceTree = "<group>"; };
		382152292147F08A00FBA63A /* Assets.xcassets */ = {isa = PBXFileReference; lastKnownFileType = folder.assetcatalog; path = Assets.xcassets; sourceTree = "<group>"; };
		3821522C2147F08A00FBA63A /* Base */ = {isa = PBXFileReference; lastKnownFileType = file.storyboard; name = Base; path = Base.lproj/LaunchScreen.storyboard; sourceTree = "<group>"; };
		3821522E2147F08A00FBA63A /* Info.plist */ = {isa = PBXFileReference; lastKnownFileType = text.plist.xml; path = Info.plist; sourceTree = "<group>"; };
/* End PBXFileReference section */

/* Begin PBXFrameworksBuildPhase section */
		382152192147F08700FBA63A /* Frameworks */ = {
			isa = PBXFrameworksBuildPhase;
			buildActionMask = 2147483647;
			files = (
			);
			runOnlyForDeploymentPostprocessing = 0;
		};
/* End PBXFrameworksBuildPhase section */

/* Begin PBXGroup section */
		382152132147F08700FBA63A = {
			isa = PBXGroup;
			children = (
				3821521E2147F08700FBA63A /* Ta no Mapa */,
				3821521D2147F08700FBA63A /* Products */,
			);
			sourceTree = "<group>";
		};
		3821521D2147F08700FBA63A /* Products */ = {
			isa = PBXGroup;
			children = (
				3821521C2147F08700FBA63A /* Ta no Mapa.app */,
			);
			name = Products;
			sourceTree = "<group>";
		};
		3821521E2147F08700FBA63A /* Ta no Mapa */ = {
			isa = PBXGroup;
			children = (
				3821521F2147F08700FBA63A /* AppDelegate.swift */,
				382152212147F08700FBA63A /* ViewController.swift */,
				382152232147F08700FBA63A /* Main.storyboard */,
				382152292147F08A00FBA63A /* Assets.xcassets */,
				3821522B2147F08A00FBA63A /* LaunchScreen.storyboard */,
				3821522E2147F08A00FBA63A /* Info.plist */,
				382152262147F08700FBA63A /* Ta_no_Mapa.xcdatamodeld */,
			);
			path = "Ta no Mapa";
			sourceTree = "<group>";
		};
/* End PBXGroup section */

/* Begin PBXNativeTarget section */
		3821521B2147F08700FBA63A /* Ta no Mapa */ = {
			isa = PBXNativeTarget;
			buildConfigurationList = 382152312147F08A00FBA63A /* Build configuration list for PBXNativeTarget "Ta no Mapa" */;
			buildPhases = (
				382152182147F08700FBA63A /* Sources */,
				382152192147F08700FBA63A /* Frameworks */,
				3821521A2147F08700FBA63A /* Resources */,
			);
			buildRules = (
			);
			dependencies = (
			);
			name = "Ta no Mapa";
			productName = "Ta no Mapa";
			productReference = 3821521C2147F08700FBA63A /* Ta no Mapa.app */;
			productType = "com.apple.product-type.application";
		};
/* End PBXNativeTarget section */

/* Begin PBXProject section */
		382152142147F08700FBA63A /* Project object */ = {
			isa = PBXProject;
			attributes = {
				LastSwiftUpdateCheck = 0940;
				LastUpgradeCheck = 0940;
				ORGANIZATIONNAME = Artesmix;
				TargetAttributes = {
					3821521B2147F08700FBA63A = {
						CreatedOnToolsVersion = 9.4.1;
					};
				};
			};
			buildConfigurationList = 382152172147F08700FBA63A /* Build configuration list for PBXProject "Ta no Mapa" */;
			compatibilityVersion = "Xcode 9.3";
			developmentRegion = en;
			hasScannedForEncodings = 0;
			knownRegions = (
				en,
				Base,
			);
			mainGroup = 382152132147F08700FBA63A;
			productRefGroup = 3821521D2147F08700FBA63A /* Products */;
			projectDirPath = "";
			projectRoot = "";
			targets = (
				3821521B2147F08700FBA63A /* Ta no Mapa */,
			);
		};
/* End PBXProject section */

/* Begin PBXResourcesBuildPhase section */
		3821521A2147F08700FBA63A /* Resources */ = {
			isa = PBXResourcesBuildPhase;
			buildActionMask = 2147483647;
			files = (
				3821522D2147F08A00FBA63A /* LaunchScreen.storyboard in Resources */,
				3821522A2147F08A00FBA63A /* Assets.xcassets in Resources */,
				382152252147F08700FBA63A /* Main.storyboard in Resources */,
			);
			runOnlyForDeploymentPostprocessing = 0;
		};
/* End PBXResourcesBuildPhase section */

/* Begin PBXSourcesBuildPhase section */
		382152182147F08700FBA63A /* Sources */ = {
			isa = PBXSourcesBuildPhase;
			buildActionMask = 2147483647;
			files = (
				382152222147F08700FBA63A /* ViewController.swift in Sources */,
				382152202147F08700FBA63A /* AppDelegate.swift in Sources */,
				382152282147F08700FBA63A /* Ta_no_Mapa.xcdatamodeld in Sources */,
			);
			runOnlyForDeploymentPostprocessing = 0;
		};
/* End PBXSourcesBuildPhase section */

/* Begin PBXVariantGroup section */
		382152232147F08700FBA63A /* Main.storyboard */ = {
			isa = PBXVariantGroup;
			children = (
				382152242147F08700FBA63A /* Base */,
			);
			name = Main.storyboard;
			sourceTree = "<group>";
		};
		3821522B2147F08A00FBA63A /* LaunchScreen.storyboard */ = {
			isa = PBXVariantGroup;
			children = (
				3821522C2147F08A00FBA63A /* Base */,
			);
			name = LaunchScreen.storyboard;
			sourceTree = "<group>";
		};
/* End PBXVariantGroup section */

/* Begin XCBuildConfiguration section */
		3821522F2147F08A00FBA63A /* Debug */ = {
			isa = XCBuildConfiguration;
			buildSettings = {
				ALWAYS_SEARCH_USER_PATHS = NO;
				CLANG_ANALYZER_NONNULL = YES;
				CLANG_ANALYZER_NUMBER_OBJECT_CONVERSION = YES_AGGRESSIVE;
				CLANG_CXX_LANGUAGE_STANDARD = "gnu++14";
				CLANG_CXX_LIBRARY = "libc++";
				CLANG_ENABLE_MODULES = YES;
				CLANG_ENABLE_OBJC_ARC = YES;
				CLANG_ENABLE_OBJC_WEAK = YES;
				CLANG_WARN_BLOCK_CAPTURE_AUTORELEASING = YES;
				CLANG_WARN_BOOL_CONVERSION = YES;
				CLANG_WARN_COMMA = YES;
				CLANG_WARN_CONSTANT_CONVERSION = YES;
				CLANG_WARN_DEPRECATED_OBJC_IMPLEMENTATIONS = YES;
				CLANG_WARN_DIRECT_OBJC_ISA_USAGE = YES_ERROR;
				CLANG_WARN_DOCUMENTATION_COMMENTS = YES;
				CLANG_WARN_EMPTY_BODY = YES;
				CLANG_WARN_ENUM_CONVERSION = YES;
				CLANG_WARN_INFINITE_RECURSION = YES;
				CLANG_WARN_INT_CONVERSION = YES;
				CLANG_WARN_NON_LITERAL_NULL_CONVERSION = YES;
				CLANG_WARN_OBJC_IMPLICIT_RETAIN_SELF = YES;
				CLANG_WARN_OBJC_LITERAL_CONVERSION = YES;
				CLANG_WARN_OBJC_ROOT_CLASS = YES_ERROR;
				CLANG_WARN_RANGE_LOOP_ANALYSIS = YES;
				CLANG_WARN_STRICT_PROTOTYPES = YES;
				CLANG_WARN_SUSPICIOUS_MOVE = YES;
				CLANG_WARN_UNGUARDED_AVAILABILITY = YES_AGGRESSIVE;
				CLANG_WARN_UNREACHABLE_CODE = YES;
				CLANG_WARN__DUPLICATE_METHOD_MATCH = YES;
				CODE_SIGN_IDENTITY = "iPhone Developer";
				COPY_PHASE_STRIP = NO;
				DEBUG_INFORMATION_FORMAT = dwarf;
				ENABLE_STRICT_OBJC_MSGSEND = YES;
				ENABLE_TESTABILITY = YES;
				GCC_C_LANGUAGE_STANDARD = gnu11;
				GCC_DYNAMIC_NO_PIC = NO;
				GCC_NO_COMMON_BLOCKS = YES;
				GCC_OPTIMIZATION_LEVEL = 0;
				GCC_PREPROCESSOR_DEFINITIONS = (
					"DEBUG=1",
					"$(inherited)",
				);
				GCC_WARN_64_TO_32_BIT_CONVERSION = YES;
				GCC_WARN_ABOUT_RETURN_TYPE = YES_ERROR;
				GCC_WARN_UNDECLARED_SELECTOR = YES;
				GCC_WARN_UNINITIALIZED_AUTOS = YES_AGGRESSIVE;
				GCC_WARN_UNUSED_FUNCTION = YES;
				GCC_WARN_UNUSED_VARIABLE = YES;
				IPHONEOS_DEPLOYMENT_TARGET = 11.4;
				MTL_ENABLE_DEBUG_INFO = YES;
				ONLY_ACTIVE_ARCH = YES;
				SDKROOT = iphoneos;
				SWIFT_ACTIVE_COMPILATION_CONDITIONS = DEBUG;
				SWIFT_OPTIMIZATION_LEVEL = "-Onone";
			};
			name = Debug;
		};
		382152302147F08A00FBA63A /* Release */ = {
			isa = XCBuildConfiguration;
			buildSettings = {
				ALWAYS_SEARCH_USER_PATHS = NO;
				CLANG_ANALYZER_NONNULL = YES;
				CLANG_ANALYZER_NUMBER_OBJECT_CONVERSION = YES_AGGRESSIVE;
				CLANG_CXX_LANGUAGE_STANDARD = "gnu++14";
				CLANG_CXX_LIBRARY = "libc++";
				CLANG_ENABLE_MODULES = YES;
				CLANG_ENABLE_OBJC_ARC = YES;
				CLANG_ENABLE_OBJC_WEAK = YES;
				CLANG_WARN_BLOCK_CAPTURE_AUTORELEASING = YES;
				CLANG_WARN_BOOL_CONVERSION = YES;
				CLANG_WARN_COMMA = YES;
				CLANG_WARN_CONSTANT_CONVERSION = YES;
				CLANG_WARN_DEPRECATED_OBJC_IMPLEMENTATIONS = YES;
				CLANG_WARN_DIRECT_OBJC_ISA_USAGE = YES_ERROR;
				CLANG_WARN_DOCUMENTATION_COMMENTS = YES;
				CLANG_WARN_EMPTY_BODY = YES;
				CLANG_WARN_ENUM_CONVERSION = YES;
				CLANG_WARN_INFINITE_RECURSION = YES;
				CLANG_WARN_INT_CONVERSION = YES;
				CLANG_WARN_NON_LITERAL_NULL_CONVERSION = YES;
				CLANG_WARN_OBJC_IMPLICIT_RETAIN_SELF = YES;
				CLANG_WARN_OBJC_LITERAL_CONVERSION = YES;
				CLANG_WARN_OBJC_ROOT_CLASS = YES_ERROR;
				CLANG_WARN_RANGE_LOOP_ANALYSIS = YES;
				CLANG_WARN_STRICT_PROTOTYPES = YES;
				CLANG_WARN_SUSPICIOUS_MOVE = YES;
				CLANG_WARN_UNGUARDED_AVAILABILITY = YES_AGGRESSIVE;
				CLANG_WARN_UNREACHABLE_CODE = YES;
				CLANG_WARN__DUPLICATE_METHOD_MATCH = YES;
				CODE_SIGN_IDENTITY = "iPhone Developer";
				COPY_PHASE_STRIP = NO;
				DEBUG_INFORMATION_FORMAT = "dwarf-with-dsym";
				ENABLE_NS_ASSERTIONS = NO;
				ENABLE_STRICT_OBJC_MSGSEND = YES;
				GCC_C_LANGUAGE_STANDARD = gnu11;
				GCC_NO_COMMON_BLOCKS = YES;
				GCC_WARN_64_TO_32_BIT_CONVERSION = YES;
				GCC_WARN_ABOUT_RETURN_TYPE = YES_ERROR;
				GCC_WARN_UNDECLARED_SELECTOR = YES;
				GCC_WARN_UNINITIALIZED_AUTOS = YES_AGGRESSIVE;
				GCC_WARN_UNUSED_FUNCTION = YES;
				GCC_WARN_UNUSED_VARIABLE = YES;
				IPHONEOS_DEPLOYMENT_TARGET = 11.4;
				MTL_ENABLE_DEBUG_INFO = NO;
				SDKROOT = iphoneos;
				SWIFT_COMPILATION_MODE = wholemodule;
				SWIFT_OPTIMIZATION_LEVEL = "-O";
				VALIDATE_PRODUCT = YES;
			};
			name = Release;
		};
		382152322147F08A00FBA63A /* Debug */ = {
			isa = XCBuildConfiguration;
			buildSettings = {
				ASSETCATALOG_COMPILER_APPICON_NAME = AppIcon;
				CODE_SIGN_STYLE = Automatic;
				DEVELOPMENT_TEAM = 7V26R3Q2R5;
				INFOPLIST_FILE = "Ta no Mapa/Info.plist";
				LD_RUNPATH_SEARCH_PATHS = (
					"$(inherited)",
					"@executable_path/Frameworks",
				);
				PRODUCT_BUNDLE_IDENTIFIER = "com.udacity.Ta-no-Mapa";
				PRODUCT_NAME = "$(TARGET_NAME)";
				SWIFT_VERSION = 4.0;
				TARGETED_DEVICE_FAMILY = "1,2";
			};
			name = Debug;
		};
		382152332147F08A00FBA63A /* Release */ = {
			isa = XCBuildConfiguration;
			buildSettings = {
				ASSETCATALOG_COMPILER_APPICON_NAME = AppIcon;
				CODE_SIGN_STYLE = Automatic;
				DEVELOPMENT_TEAM = 7V26R3Q2R5;
				INFOPLIST_FILE = "Ta no Mapa/Info.plist";
				LD_RUNPATH_SEARCH_PATHS = (
					"$(inherited)",
					"@executable_path/Frameworks",
				);
				PRODUCT_BUNDLE_IDENTIFIER = "com.udacity.Ta-no-Mapa";
				PRODUCT_NAME = "$(TARGET_NAME)";
				SWIFT_VERSION = 4.0;
				TARGETED_DEVICE_FAMILY = "1,2";
			};
			name = Release;
		};
/* End XCBuildConfiguration section */

/* Begin XCConfigurationList section */
		382152172147F08700FBA63A /* Build configuration list for PBXProject "Ta no Mapa" */ = {
			isa = XCConfigurationList;
			buildConfigurations = (
				3821522F2147F08A00FBA63A /* Debug */,
				382152302147F08A00FBA63A /* Release */,
			);
			defaultConfigurationIsVisible = 0;
			defaultConfigurationName = Release;
		};
		382152312147F08A00FBA63A /* Build configuration list for PBXNativeTarget "Ta no Mapa" */ = {
			isa = XCConfigurationList;
			buildConfigurations = (
				382152322147F08A00FBA63A /* Debug */,
				382152332147F08A00FBA63A /* Release */,
			);
			defaultConfigurationIsVisible = 0;
			defaultConfigurationName = Release;
		};
/* End XCConfigurationList section */

/* Begin XCVersionGroup section */
		382152262147F08700FBA63A /* Ta_no_Mapa.xcdatamodeld */ = {
			isa = XCVersionGroup;
			children = (
				382152272147F08700FBA63A /* Ta_no_Mapa.xcdatamodel */,
			);
			currentVersion = 382152272147F08700FBA63A /* Ta_no_Mapa.xcdatamodel */;
			path = Ta_no_Mapa.xcdatamodeld;
			sourceTree = "<group>";
			versionGroupType = wrapper.xcdatamodel;
		};
/* End XCVersionGroup section */
	};
	rootObject = 382152142147F08700FBA63A /* Project object */;
}
